
Microsoft Visual Studio Solution File, Format Version 12.00
# Visual Studio Version 17
VisualStudioVersion = 17.0.31903.59
MinimumVisualStudioVersion = 10.0.40219.1
Project("{2150E333-8FDC-42A3-9474-1A3956D46DE8}") = "src", "src", "{9E99496A-46D8-4836-ADA4-B6595AA79AA7}"
EndProject
Project("{FAE04EC0-301F-11D3-BF4B-00C04F79EFBC}") = "AutonomousValidation.Core", "src\AutonomousValidation.Core\AutonomousValidation.Core.csproj", "{06E34B2F-592D-4855-AB64-AFAB76DC8AC4}"
EndProject
Project("{FAE04EC0-301F-11D3-BF4B-00C04F79EFBC}") = "AutonomousValidation.Orleans", "src\AutonomousValidation.Orleans\AutonomousValidation.Orleans.csproj", "{E3A527F3-FE74-4C24-9A50-EBAACD6F02F1}"
EndProject
Project("{2150E333-8FDC-42A3-9474-1A3956D46DE8}") = "tests", "tests", "{AAD3F8CA-1C6A-49BB-BFEC-3116875E7BFE}"
EndProject
Project("{FAE04EC0-301F-11D3-BF4B-00C04F79EFBC}") = "AutonomousValidation.Tests.Unit", "tests\AutonomousValidation.Tests.Unit\AutonomousValidation.Tests.Unit.csproj", "{0B60A89A-1CFB-4B1A-8373-E379925E32EC}"
EndProject
Project("{FAE04EC0-301F-11D3-BF4B-00C04F79EFBC}") = "AutonomousValidation.Tests.Integration", "tests\AutonomousValidation.Tests.Integration\AutonomousValidation.Tests.Integration.csproj", "{24B4D25E-8332-434D-9C62-EAF7C94EA369}"
EndProject
Global
	GlobalSection(SolutionConfigurationPlatforms) = preSolution
		Debug|Any CPU = Debug|Any CPU
		Release|Any CPU = Release|Any CPU
	EndGlobalSection
	GlobalSection(SolutionProperties) = preSolution
		HideSolutionNode = FALSE
	EndGlobalSection
	GlobalSection(ProjectConfigurationPlatforms) = postSolution
		{06E34B2F-592D-4855-AB64-AFAB76DC8AC4}.Debug|Any CPU.ActiveCfg = Debug|Any CPU
		{06E34B2F-592D-4855-AB64-AFAB76DC8AC4}.Debug|Any CPU.Build.0 = Debug|Any CPU
		{06E34B2F-592D-4855-AB64-AFAB76DC8AC4}.Release|Any CPU.ActiveCfg = Release|Any CPU
		{06E34B2F-592D-4855-AB64-AFAB76DC8AC4}.Release|Any CPU.Build.0 = Release|Any CPU
		{E3A527F3-FE74-4C24-9A50-EBAACD6F02F1}.Debug|Any CPU.ActiveCfg = Debug|Any CPU
		{E3A527F3-FE74-4C24-9A50-EBAACD6F02F1}.Debug|Any CPU.Build.0 = Debug|Any CPU
		{E3A527F3-FE74-4C24-9A50-EBAACD6F02F1}.Release|Any CPU.ActiveCfg = Release|Any CPU
		{E3A527F3-FE74-4C24-9A50-EBAACD6F02F1}.Release|Any CPU.Build.0 = Release|Any CPU
		{0B60A89A-1CFB-4B1A-8373-E379925E32EC}.Debug|Any CPU.ActiveCfg = Debug|Any CPU
		{0B60A89A-1CFB-4B1A-8373-E379925E32EC}.Debug|Any CPU.Build.0 = Debug|Any CPU
		{0B60A89A-1CFB-4B1A-8373-E379925E32EC}.Release|Any CPU.ActiveCfg = Release|Any CPU
		{0B60A89A-1CFB-4B1A-8373-E379925E32EC}.Release|Any CPU.Build.0 = Release|Any CPU
		{24B4D25E-8332-434D-9C62-EAF7C94EA369}.Debug|Any CPU.ActiveCfg = Debug|Any CPU
		{24B4D25E-8332-434D-9C62-EAF7C94EA369}.Debug|Any CPU.Build.0 = Debug|Any CPU
		{24B4D25E-8332-434D-9C62-EAF7C94EA369}.Release|Any CPU.ActiveCfg = Release|Any CPU
		{24B4D25E-8332-434D-9C62-EAF7C94EA369}.Release|Any CPU.Build.0 = Release|Any CPU
	EndGlobalSection
	GlobalSection(NestedProjects) = preSolution
		{06E34B2F-592D-4855-AB64-AFAB76DC8AC4} = {9E99496A-46D8-4836-ADA4-B6595AA79AA7}
		{E3A527F3-FE74-4C24-9A50-EBAACD6F02F1} = {9E99496A-46D8-4836-ADA4-B6595AA79AA7}
		{0B60A89A-1CFB-4B1A-8373-E379925E32EC} = {AAD3F8CA-1C6A-49BB-BFEC-3116875E7BFE}
		{24B4D25E-8332-434D-9C62-EAF7C94EA369} = {AAD3F8CA-1C6A-49BB-BFEC-3116875E7BFE}
	EndGlobalSection
EndGlobal
